
Microsoft Visual Studio Solution File, Format Version 12.00
# Visual Studio Version 17
VisualStudioVersion = 17.9.34622.214
MinimumVisualStudioVersion = 10.0.40219.1
Project("{FAE04EC0-301F-11D3-BF4B-00C04F79EFBC}") = "ListViewTest", "ListViewTest\ListViewTest.csproj", "{D971A827-13D4-4E74-929A-3D6B24EF9EF4}"
EndProject
Global
	GlobalSection(SolutionConfigurationPlatforms) = preSolution
		Debug|Any CPU = Debug|Any CPU
		Release|Any CPU = Release|Any CPU
	EndGlobalSection
	GlobalSection(ProjectConfigurationPlatforms) = postSolution
		{D971A827-13D4-4E74-929A-3D6B24EF9EF4}.Debug|Any CPU.ActiveCfg = Debug|Any CPU
		{D971A827-13D4-4E74-929A-3D6B24EF9EF4}.Debug|Any CPU.Build.0 = Debug|Any CPU
		{D971A827-13D4-4E74-929A-3D6B24EF9EF4}.Release|Any CPU.ActiveCfg = Release|Any CPU
		{D971A827-13D4-4E74-929A-3D6B24EF9EF4}.Release|Any CPU.Build.0 = Release|Any CPU
	EndGlobalSection
	GlobalSection(SolutionProperties) = preSolution
		HideSolutionNode = FALSE
	EndGlobalSection
	GlobalSection(ExtensibilityGlobals) = postSolution
		SolutionGuid = {F9A7B167-EC86-453F-BA68-EE406C93C636}
	EndGlobalSection
EndGlobal
